# This file is autogenerated, do not edit; changes may be undone by the next 'dep ensure'.


[[projects]]
  digest = "1:b6778c60d6335cf6f4f89342f55c584909f6d5d02118313c3fd0e6979ae12871"
  name = "github.com/stripe/stripe-go"
  packages = [
    ".",
    "customer",
    "form",
    "paymentintent",
    "paymentmethod",
  ]
  pruneopts = "UT"
  revision = "169acfdead1b751f7658818cf9fe8a0d0b1edab0"
  version = "v69.4.0"

[solve-meta]
  analyzer-name = "dep"
  analyzer-version = 1
  input-imports = [
    "github.com/stripe/stripe-go",
    "github.com/stripe/stripe-go/customer",
    "github.com/stripe/stripe-go/paymentintent",
    "github.com/stripe/stripe-go/paymentmethod",
  ]
  solver-name = "gps-cdcl"
  solver-version = 1
